
Microsoft Visual Studio Solution File, Format Version 12.00
Project("{FAE04EC0-301F-11D3-BF4B-00C04F79EFBC}") = "MyTaskBuddy", "MyTaskBuddy.csproj", "{EDC39426-A3FA-46D0-890C-99CFDEEFE855}"
EndProject
Global
	GlobalSection(SolutionConfigurationPlatforms) = preSolution
		Debug|Any CPU = Debug|Any CPU
		Release|Any CPU = Release|Any CPU
	EndGlobalSection
	GlobalSection(ProjectConfigurationPlatforms) = postSolution
		{EDC39426-A3FA-46D0-890C-99CFDEEFE855}.Debug|Any CPU.ActiveCfg = Debug|Any CPU
		{EDC39426-A3FA-46D0-890C-99CFDEEFE855}.Debug|Any CPU.Build.0 = Debug|Any CPU
		{EDC39426-A3FA-46D0-890C-99CFDEEFE855}.Release|Any CPU.ActiveCfg = Release|Any CPU
		{EDC39426-A3FA-46D0-890C-99CFDEEFE855}.Release|Any CPU.Build.0 = Release|Any CPU
	EndGlobalSection
EndGlobal
